
Microsoft Visual Studio Solution File, Format Version 12.00
# Visual Studio Version 16
VisualStudioVersion = 16.0.31613.86
MinimumVisualStudioVersion = 10.0.40219.1
Project("{FAE04EC0-301F-11D3-BF4B-00C04F79EFBC}") = "BackEnd", "BackEnd\BackEnd.csproj", "{23F178F1-FA33-4F6A-BC49-57E3C1D40CBD}"
EndProject
Global
	GlobalSection(SolutionConfigurationPlatforms) = preSolution
		Debug|Any CPU = Debug|Any CPU
		Release|Any CPU = Release|Any CPU
	EndGlobalSection
	GlobalSection(ProjectConfigurationPlatforms) = postSolution
		{23F178F1-FA33-4F6A-BC49-57E3C1D40CBD}.Debug|Any CPU.ActiveCfg = Debug|Any CPU
		{23F178F1-FA33-4F6A-BC49-57E3C1D40CBD}.Debug|Any CPU.Build.0 = Debug|Any CPU
		{23F178F1-FA33-4F6A-BC49-57E3C1D40CBD}.Release|Any CPU.ActiveCfg = Release|Any CPU
		{23F178F1-FA33-4F6A-BC49-57E3C1D40CBD}.Release|Any CPU.Build.0 = Release|Any CPU
	EndGlobalSection
	GlobalSection(SolutionProperties) = preSolution
		HideSolutionNode = FALSE
	EndGlobalSection
	GlobalSection(ExtensibilityGlobals) = postSolution
		SolutionGuid = {1262DBC7-35DB-4EB9-9196-CEAF33A79358}
	EndGlobalSection
EndGlobal
